
Microsoft Visual Studio Solution File, Format Version 12.00
# Visual Studio Version 16
VisualStudioVersion = 16.0.30523.141
MinimumVisualStudioVersion = 10.0.40219.1
Project("{9A19103F-16F7-4668-BE54-9A1E7A4F7556}") = "Conundrum.Statistics", "Conundrum.Statistics\Conundrum.Statistics.csproj", "{0E73C877-47D6-41E1-A2F5-0183E868438B}"
EndProject
Project("{9A19103F-16F7-4668-BE54-9A1E7A4F7556}") = "Conundrum.Statistics.Tests", "Conundrum.Statistics.Tests\Conundrum.Statistics.Tests.csproj", "{9517BBE8-30E2-46FE-99AE-E4D600F3BB2D}"
EndProject
Global
	GlobalSection(SolutionConfigurationPlatforms) = preSolution
		Debug|Any CPU = Debug|Any CPU
		Release|Any CPU = Release|Any CPU
	EndGlobalSection
	GlobalSection(ProjectConfigurationPlatforms) = postSolution
		{0E73C877-47D6-41E1-A2F5-0183E868438B}.Debug|Any CPU.ActiveCfg = Debug|Any CPU
		{0E73C877-47D6-41E1-A2F5-0183E868438B}.Debug|Any CPU.Build.0 = Debug|Any CPU
		{0E73C877-47D6-41E1-A2F5-0183E868438B}.Release|Any CPU.ActiveCfg = Release|Any CPU
		{0E73C877-47D6-41E1-A2F5-0183E868438B}.Release|Any CPU.Build.0 = Release|Any CPU
		{9517BBE8-30E2-46FE-99AE-E4D600F3BB2D}.Debug|Any CPU.ActiveCfg = Debug|Any CPU
		{9517BBE8-30E2-46FE-99AE-E4D600F3BB2D}.Debug|Any CPU.Build.0 = Debug|Any CPU
		{9517BBE8-30E2-46FE-99AE-E4D600F3BB2D}.Release|Any CPU.ActiveCfg = Release|Any CPU
		{9517BBE8-30E2-46FE-99AE-E4D600F3BB2D}.Release|Any CPU.Build.0 = Release|Any CPU
	EndGlobalSection
	GlobalSection(SolutionProperties) = preSolution
		HideSolutionNode = FALSE
	EndGlobalSection
	GlobalSection(ExtensibilityGlobals) = postSolution
		SolutionGuid = {DB35DB06-30F8-46C3-A74B-6819B86CA3ED}
	EndGlobalSection
EndGlobal
